
Microsoft Visual Studio Solution File, Format Version 12.00
# Visual Studio Version 16
VisualStudioVersion = 25.0.1706.11
MinimumVisualStudioVersion = 10.0.40219.1
Project("{FAE04EC0-301F-11D3-BF4B-00C04F79EFBC}") = "MenCore.Application", "MenCore.Application.csproj", "{EB11302E-E43F-4B46-A6DB-72E4365FA170}"
EndProject
Global
	GlobalSection(SolutionConfigurationPlatforms) = preSolution
		Debug|Any CPU = Debug|Any CPU
		Release|Any CPU = Release|Any CPU
	EndGlobalSection
	GlobalSection(ProjectConfigurationPlatforms) = postSolution
		{EB11302E-E43F-4B46-A6DB-72E4365FA170}.Debug|Any CPU.ActiveCfg = Debug|Any CPU
		{EB11302E-E43F-4B46-A6DB-72E4365FA170}.Debug|Any CPU.Build.0 = Debug|Any CPU
		{EB11302E-E43F-4B46-A6DB-72E4365FA170}.Release|Any CPU.ActiveCfg = Release|Any CPU
		{EB11302E-E43F-4B46-A6DB-72E4365FA170}.Release|Any CPU.Build.0 = Release|Any CPU
	EndGlobalSection
	GlobalSection(SolutionProperties) = preSolution
		HideSolutionNode = FALSE
	EndGlobalSection
	GlobalSection(ExtensibilityGlobals) = postSolution
		SolutionGuid = {BE93C74F-EFC2-404F-9667-85062A25C658}
	EndGlobalSection
EndGlobal
